
Microsoft Visual Studio Solution File, Format Version 12.00
# Visual Studio Version 17
VisualStudioVersion = 17.7.34031.279
MinimumVisualStudioVersion = 10.0.40219.1
Project("{9A19103F-16F7-4668-BE54-9A1E7A4F7556}") = "Utils", "Utils\Utils.csproj", "{A10E8853-C4B1-4E0D-B3DF-159F5AD760AC}"
EndProject
Project("{9A19103F-16F7-4668-BE54-9A1E7A4F7556}") = "GUI", "GUI 7.0\GUI.csproj", "{7BFEC412-3CF5-40FB-8FF2-2BDB464764AB}"
	ProjectSection(ProjectDependencies) = postProject
		{A10E8853-C4B1-4E0D-B3DF-159F5AD760AC} = {A10E8853-C4B1-4E0D-B3DF-159F5AD760AC}
	EndProjectSection
EndProject
Project("{2150E333-8FDC-42A3-9474-1A3956D46DE8}") = "Solution Items", "Solution Items", "{3727E846-9906-49B3-B7B0-7147F1B42762}"
	ProjectSection(SolutionItems) = preProject
		.editorconfig = .editorconfig
	EndProjectSection
EndProject
Global
	GlobalSection(SolutionConfigurationPlatforms) = preSolution
		Debug|Any CPU = Debug|Any CPU
		Release|Any CPU = Release|Any CPU
	EndGlobalSection
	GlobalSection(ProjectConfigurationPlatforms) = postSolution
		{A10E8853-C4B1-4E0D-B3DF-159F5AD760AC}.Debug|Any CPU.ActiveCfg = Debug|Any CPU
		{A10E8853-C4B1-4E0D-B3DF-159F5AD760AC}.Debug|Any CPU.Build.0 = Debug|Any CPU
		{A10E8853-C4B1-4E0D-B3DF-159F5AD760AC}.Release|Any CPU.ActiveCfg = Release|Any CPU
		{A10E8853-C4B1-4E0D-B3DF-159F5AD760AC}.Release|Any CPU.Build.0 = Release|Any CPU
		{7BFEC412-3CF5-40FB-8FF2-2BDB464764AB}.Debug|Any CPU.ActiveCfg = Debug|Any CPU
		{7BFEC412-3CF5-40FB-8FF2-2BDB464764AB}.Debug|Any CPU.Build.0 = Debug|Any CPU
		{7BFEC412-3CF5-40FB-8FF2-2BDB464764AB}.Release|Any CPU.ActiveCfg = Release|Any CPU
		{7BFEC412-3CF5-40FB-8FF2-2BDB464764AB}.Release|Any CPU.Build.0 = Release|Any CPU
	EndGlobalSection
	GlobalSection(SolutionProperties) = preSolution
		HideSolutionNode = FALSE
	EndGlobalSection
	GlobalSection(ExtensibilityGlobals) = postSolution
		SolutionGuid = {85397571-E127-438B-8D5B-6C35179FB49E}
	EndGlobalSection
EndGlobal
